// !$*UTF8*$!
{
	archiveVersion = 1;
	classes = {
	};
	objectVersion = 56;
	objects = {

/* Begin PBXBuildFile section */
		4242709C2890508C0050FF20 /* ProfileView.swift in Sources */ = {isa = PBXBuildFile; fileRef = 4242709B2890508B0050FF20 /* ProfileView.swift */; };
		4242709E289057660050FF20 /* MockData.swift in Sources */ = {isa = PBXBuildFile; fileRef = 4242709D289057660050FF20 /* MockData.swift */; };
		425FCAA4288F995100F3C650 /* ShmailApp.swift in Sources */ = {isa = PBXBuildFile; fileRef = 425FCAA3288F995100F3C650 /* ShmailApp.swift */; };
		425FCAA6288F995100F3C650 /* ContentView.swift in Sources */ = {isa = PBXBuildFile; fileRef = 425FCAA5288F995100F3C650 /* ContentView.swift */; };
		425FCAA8288F995200F3C650 /* Assets.xcassets in Resources */ = {isa = PBXBuildFile; fileRef = 425FCAA7288F995200F3C650 /* Assets.xcassets */; };
		425FCAAC288F995200F3C650 /* Preview Assets.xcassets in Resources */ = {isa = PBXBuildFile; fileRef = 425FCAAB288F995200F3C650 /* Preview Assets.xcassets */; };
		425FCAB6288F995200F3C650 /* ShmailTests.swift in Sources */ = {isa = PBXBuildFile; fileRef = 425FCAB5288F995200F3C650 /* ShmailTests.swift */; };
		425FCAC0288F995200F3C650 /* ShmailUITests.swift in Sources */ = {isa = PBXBuildFile; fileRef = 425FCABF288F995200F3C650 /* ShmailUITests.swift */; };
		425FCAC2288F995200F3C650 /* ShmailUITestsLaunchTests.swift in Sources */ = {isa = PBXBuildFile; fileRef = 425FCAC1288F995200F3C650 /* ShmailUITestsLaunchTests.swift */; };
		425FCACF288F9A4E00F3C650 /* MasterView.swift in Sources */ = {isa = PBXBuildFile; fileRef = 425FCACE288F9A4E00F3C650 /* MasterView.swift */; };
		425FCAD1288F9BB100F3C650 /* InboxView.swift in Sources */ = {isa = PBXBuildFile; fileRef = 425FCAD0288F9BB100F3C650 /* InboxView.swift */; };
		425FCAD3288F9D2900F3C650 /* SettingsView.swift in Sources */ = {isa = PBXBuildFile; fileRef = 425FCAD2288F9D2900F3C650 /* SettingsView.swift */; };
/* End PBXBuildFile section */

/* Begin PBXContainerItemProxy section */
		425FCAB2288F995200F3C650 /* PBXContainerItemProxy */ = {
			isa = PBXContainerItemProxy;
			containerPortal = 425FCA98288F995100F3C650 /* Project object */;
			proxyType = 1;
			remoteGlobalIDString = 425FCA9F288F995100F3C650;
			remoteInfo = Shmail;
		};
		425FCABC288F995200F3C650 /* PBXContainerItemProxy */ = {
			isa = PBXContainerItemProxy;
			containerPortal = 425FCA98288F995100F3C650 /* Project object */;
			proxyType = 1;
			remoteGlobalIDString = 425FCA9F288F995100F3C650;
			remoteInfo = Shmail;
		};
/* End PBXContainerItemProxy section */

/* Begin PBXFileReference section */
		4242709B2890508B0050FF20 /* ProfileView.swift */ = {isa = PBXFileReference; lastKnownFileType = sourcecode.swift; path = ProfileView.swift; sourceTree = "<group>"; };
		4242709D289057660050FF20 /* MockData.swift */ = {isa = PBXFileReference; lastKnownFileType = sourcecode.swift; path = MockData.swift; sourceTree = "<group>"; };
		425FCAA0288F995100F3C650 /* Shmail.app */ = {isa = PBXFileReference; explicitFileType = wrapper.application; includeInIndex = 0; path = Shmail.app; sourceTree = BUILT_PRODUCTS_DIR; };
		425FCAA3288F995100F3C650 /* ShmailApp.swift */ = {isa = PBXFileReference; lastKnownFileType = sourcecode.swift; path = ShmailApp.swift; sourceTree = "<group>"; };
		425FCAA5288F995100F3C650 /* ContentView.swift */ = {isa = PBXFileReference; lastKnownFileType = sourcecode.swift; path = ContentView.swift; sourceTree = "<group>"; };
		425FCAA7288F995200F3C650 /* Assets.xcassets */ = {isa = PBXFileReference; lastKnownFileType = folder.assetcatalog; path = Assets.xcassets; sourceTree = "<group>"; };
		425FCAA9288F995200F3C650 /* Shmail.entitlements */ = {isa = PBXFileReference; lastKnownFileType = text.plist.entitlements; path = Shmail.entitlements; sourceTree = "<group>"; };
		425FCAAB288F995200F3C650 /* Preview Assets.xcassets */ = {isa = PBXFileReference; lastKnownFileType = folder.assetcatalog; path = "Preview Assets.xcassets"; sourceTree = "<group>"; };
		425FCAB1288F995200F3C650 /* ShmailTests.xctest */ = {isa = PBXFileReference; explicitFileType = wrapper.cfbundle; includeInIndex = 0; path = ShmailTests.xctest; sourceTree = BUILT_PRODUCTS_DIR; };
		425FCAB5288F995200F3C650 /* ShmailTests.swift */ = {isa = PBXFileReference; lastKnownFileType = sourcecode.swift; path = ShmailTests.swift; sourceTree = "<group>"; };
		425FCABB288F995200F3C650 /* ShmailUITests.xctest */ = {isa = PBXFileReference; explicitFileType = wrapper.cfbundle; includeInIndex = 0; path = ShmailUITests.xctest; sourceTree = BUILT_PRODUCTS_DIR; };
		425FCABF288F995200F3C650 /* ShmailUITests.swift */ = {isa = PBXFileReference; lastKnownFileType = sourcecode.swift; path = ShmailUITests.swift; sourceTree = "<group>"; };
		425FCAC1288F995200F3C650 /* ShmailUITestsLaunchTests.swift */ = {isa = PBXFileReference; lastKnownFileType = sourcecode.swift; path = ShmailUITestsLaunchTests.swift; sourceTree = "<group>"; };
		425FCACE288F9A4E00F3C650 /* MasterView.swift */ = {isa = PBXFileReference; lastKnownFileType = sourcecode.swift; path = MasterView.swift; sourceTree = "<group>"; };
		425FCAD0288F9BB100F3C650 /* InboxView.swift */ = {isa = PBXFileReference; lastKnownFileType = sourcecode.swift; path = InboxView.swift; sourceTree = "<group>"; };
		425FCAD2288F9D2900F3C650 /* SettingsView.swift */ = {isa = PBXFileReference; lastKnownFileType = sourcecode.swift; path = SettingsView.swift; sourceTree = "<group>"; };
/* End PBXFileReference section */

/* Begin PBXFrameworksBuildPhase section */
		425FCA9D288F995100F3C650 /* Frameworks */ = {
			isa = PBXFrameworksBuildPhase;
			buildActionMask = 2147483647;
			files = (
			);
			runOnlyForDeploymentPostprocessing = 0;
		};
		425FCAAE288F995200F3C650 /* Frameworks */ = {
			isa = PBXFrameworksBuildPhase;
			buildActionMask = 2147483647;
			files = (
			);
			runOnlyForDeploymentPostprocessing = 0;
		};
		425FCAB8288F995200F3C650 /* Frameworks */ = {
			isa = PBXFrameworksBuildPhase;
			buildActionMask = 2147483647;
			files = (
			);
			runOnlyForDeploymentPostprocessing = 0;
		};
/* End PBXFrameworksBuildPhase section */

/* Begin PBXGroup section */
		425FCA97288F995100F3C650 = {
			isa = PBXGroup;
			children = (
				425FCAA2288F995100F3C650 /* Shmail */,
				425FCAB4288F995200F3C650 /* ShmailTests */,
				425FCABE288F995200F3C650 /* ShmailUITests */,
				425FCAA1288F995100F3C650 /* Products */,
			);
			sourceTree = "<group>";
		};
		425FCAA1288F995100F3C650 /* Products */ = {
			isa = PBXGroup;
			children = (
				425FCAA0288F995100F3C650 /* Shmail.app */,
				425FCAB1288F995200F3C650 /* ShmailTests.xctest */,
				425FCABB288F995200F3C650 /* ShmailUITests.xctest */,
			);
			name = Products;
			sourceTree = "<group>";
		};
		425FCAA2288F995100F3C650 /* Shmail */ = {
			isa = PBXGroup;
			children = (
				425FCAA3288F995100F3C650 /* ShmailApp.swift */,
				4242709B2890508B0050FF20 /* ProfileView.swift */,
				425FCAA5288F995100F3C650 /* ContentView.swift */,
				425FCACE288F9A4E00F3C650 /* MasterView.swift */,
				425FCAD2288F9D2900F3C650 /* SettingsView.swift */,
				425FCAD0288F9BB100F3C650 /* InboxView.swift */,
				4242709D289057660050FF20 /* MockData.swift */,
				425FCAA7288F995200F3C650 /* Assets.xcassets */,
				425FCAA9288F995200F3C650 /* Shmail.entitlements */,
				425FCAAA288F995200F3C650 /* Preview Content */,
			);
			path = Shmail;
			sourceTree = "<group>";
		};
		425FCAAA288F995200F3C650 /* Preview Content */ = {
			isa = PBXGroup;
			children = (
				425FCAAB288F995200F3C650 /* Preview Assets.xcassets */,
			);
			path = "Preview Content";
			sourceTree = "<group>";
		};
		425FCAB4288F995200F3C650 /* ShmailTests */ = {
			isa = PBXGroup;
			children = (
				425FCAB5288F995200F3C650 /* ShmailTests.swift */,
			);
			path = ShmailTests;
			sourceTree = "<group>";
		};
		425FCABE288F995200F3C650 /* ShmailUITests */ = {
			isa = PBXGroup;
			children = (
				425FCABF288F995200F3C650 /* ShmailUITests.swift */,
				425FCAC1288F995200F3C650 /* ShmailUITestsLaunchTests.swift */,
			);
			path = ShmailUITests;
			sourceTree = "<group>";
		};
/* End PBXGroup section */

/* Begin PBXNativeTarget section */
		425FCA9F288F995100F3C650 /* Shmail */ = {
			isa = PBXNativeTarget;
			buildConfigurationList = 425FCAC5288F995200F3C650 /* Build configuration list for PBXNativeTarget "Shmail" */;
			buildPhases = (
				425FCA9C288F995100F3C650 /* Sources */,
				425FCA9D288F995100F3C650 /* Frameworks */,
				425FCA9E288F995100F3C650 /* Resources */,
			);
			buildRules = (
			);
			dependencies = (
			);
			name = Shmail;
			productName = Shmail;
			productReference = 425FCAA0288F995100F3C650 /* Shmail.app */;
			productType = "com.apple.product-type.application";
		};
		425FCAB0288F995200F3C650 /* ShmailTests */ = {
			isa = PBXNativeTarget;
			buildConfigurationList = 425FCAC8288F995200F3C650 /* Build configuration list for PBXNativeTarget "ShmailTests" */;
			buildPhases = (
				425FCAAD288F995200F3C650 /* Sources */,
				425FCAAE288F995200F3C650 /* Frameworks */,
				425FCAAF288F995200F3C650 /* Resources */,
			);
			buildRules = (
			);
			dependencies = (
				425FCAB3288F995200F3C650 /* PBXTargetDependency */,
			);
			name = ShmailTests;
			productName = ShmailTests;
			productReference = 425FCAB1288F995200F3C650 /* ShmailTests.xctest */;
			productType = "com.apple.product-type.bundle.unit-test";
		};
		425FCABA288F995200F3C650 /* ShmailUITests */ = {
			isa = PBXNativeTarget;
			buildConfigurationList = 425FCACB288F995200F3C650 /* Build configuration list for PBXNativeTarget "ShmailUITests" */;
			buildPhases = (
				425FCAB7288F995200F3C650 /* Sources */,
				425FCAB8288F995200F3C650 /* Frameworks */,
				425FCAB9288F995200F3C650 /* Resources */,
			);
			buildRules = (
			);
			dependencies = (
				425FCABD288F995200F3C650 /* PBXTargetDependency */,
			);
			name = ShmailUITests;
			productName = ShmailUITests;
			productReference = 425FCABB288F995200F3C650 /* ShmailUITests.xctest */;
			productType = "com.apple.product-type.bundle.ui-testing";
		};
/* End PBXNativeTarget section */

/* Begin PBXProject section */
		425FCA98288F995100F3C650 /* Project object */ = {
			isa = PBXProject;
			attributes = {
				BuildIndependentTargetsInParallel = 1;
				LastSwiftUpdateCheck = 1400;
				LastUpgradeCheck = 1400;
				TargetAttributes = {
					425FCA9F288F995100F3C650 = {
						CreatedOnToolsVersion = 14.0;
					};
					425FCAB0288F995200F3C650 = {
						CreatedOnToolsVersion = 14.0;
						TestTargetID = 425FCA9F288F995100F3C650;
					};
					425FCABA288F995200F3C650 = {
						CreatedOnToolsVersion = 14.0;
						TestTargetID = 425FCA9F288F995100F3C650;
					};
				};
			};
			buildConfigurationList = 425FCA9B288F995100F3C650 /* Build configuration list for PBXProject "Shmail" */;
			compatibilityVersion = "Xcode 14.0";
			developmentRegion = en;
			hasScannedForEncodings = 0;
			knownRegions = (
				en,
				Base,
			);
			mainGroup = 425FCA97288F995100F3C650;
			productRefGroup = 425FCAA1288F995100F3C650 /* Products */;
			projectDirPath = "";
			projectRoot = "";
			targets = (
				425FCA9F288F995100F3C650 /* Shmail */,
				425FCAB0288F995200F3C650 /* ShmailTests */,
				425FCABA288F995200F3C650 /* ShmailUITests */,
			);
		};
/* End PBXProject section */

/* Begin PBXResourcesBuildPhase section */
		425FCA9E288F995100F3C650 /* Resources */ = {
			isa = PBXResourcesBuildPhase;
			buildActionMask = 2147483647;
			files = (
				425FCAAC288F995200F3C650 /* Preview Assets.xcassets in Resources */,
				425FCAA8288F995200F3C650 /* Assets.xcassets in Resources */,
			);
			runOnlyForDeploymentPostprocessing = 0;
		};
		425FCAAF288F995200F3C650 /* Resources */ = {
			isa = PBXResourcesBuildPhase;
			buildActionMask = 2147483647;
			files = (
			);
			runOnlyForDeploymentPostprocessing = 0;
		};
		425FCAB9288F995200F3C650 /* Resources */ = {
			isa = PBXResourcesBuildPhase;
			buildActionMask = 2147483647;
			files = (
			);
			runOnlyForDeploymentPostprocessing = 0;
		};
/* End PBXResourcesBuildPhase section */

/* Begin PBXSourcesBuildPhase section */
		425FCA9C288F995100F3C650 /* Sources */ = {
			isa = PBXSourcesBuildPhase;
			buildActionMask = 2147483647;
			files = (
				425FCAD3288F9D2900F3C650 /* SettingsView.swift in Sources */,
				425FCACF288F9A4E00F3C650 /* MasterView.swift in Sources */,
				425FCAD1288F9BB100F3C650 /* InboxView.swift in Sources */,
				425FCAA6288F995100F3C650 /* ContentView.swift in Sources */,
				4242709C2890508C0050FF20 /* ProfileView.swift in Sources */,
				4242709E289057660050FF20 /* MockData.swift in Sources */,
				425FCAA4288F995100F3C650 /* ShmailApp.swift in Sources */,
			);
			runOnlyForDeploymentPostprocessing = 0;
		};
		425FCAAD288F995200F3C650 /* Sources */ = {
			isa = PBXSourcesBuildPhase;
			buildActionMask = 2147483647;
			files = (
				425FCAB6288F995200F3C650 /* ShmailTests.swift in Sources */,
			);
			runOnlyForDeploymentPostprocessing = 0;
		};
		425FCAB7288F995200F3C650 /* Sources */ = {
			isa = PBXSourcesBuildPhase;
			buildActionMask = 2147483647;
			files = (
				425FCAC2288F995200F3C650 /* ShmailUITestsLaunchTests.swift in Sources */,
				425FCAC0288F995200F3C650 /* ShmailUITests.swift in Sources */,
			);
			runOnlyForDeploymentPostprocessing = 0;
		};
/* End PBXSourcesBuildPhase section */

/* Begin PBXTargetDependency section */
		425FCAB3288F995200F3C650 /* PBXTargetDependency */ = {
			isa = PBXTargetDependency;
			target = 425FCA9F288F995100F3C650 /* Shmail */;
			targetProxy = 425FCAB2288F995200F3C650 /* PBXContainerItemProxy */;
		};
		425FCABD288F995200F3C650 /* PBXTargetDependency */ = {
			isa = PBXTargetDependency;
			target = 425FCA9F288F995100F3C650 /* Shmail */;
			targetProxy = 425FCABC288F995200F3C650 /* PBXContainerItemProxy */;
		};
/* End PBXTargetDependency section */

/* Begin XCBuildConfiguration section */
		425FCAC3288F995200F3C650 /* Debug */ = {
			isa = XCBuildConfiguration;
			buildSettings = {
				ALWAYS_SEARCH_USER_PATHS = NO;
				CLANG_ANALYZER_NONNULL = YES;
				CLANG_ANALYZER_NUMBER_OBJECT_CONVERSION = YES_AGGRESSIVE;
				CLANG_CXX_LANGUAGE_STANDARD = "gnu++20";
				CLANG_ENABLE_MODULES = YES;
				CLANG_ENABLE_OBJC_ARC = YES;
				CLANG_ENABLE_OBJC_WEAK = YES;
				CLANG_WARN_BLOCK_CAPTURE_AUTORELEASING = YES;
				CLANG_WARN_BOOL_CONVERSION = YES;
				CLANG_WARN_COMMA = YES;
				CLANG_WARN_CONSTANT_CONVERSION = YES;
				CLANG_WARN_DEPRECATED_OBJC_IMPLEMENTATIONS = YES;
				CLANG_WARN_DIRECT_OBJC_ISA_USAGE = YES_ERROR;
				CLANG_WARN_DOCUMENTATION_COMMENTS = YES;
				CLANG_WARN_EMPTY_BODY = YES;
				CLANG_WARN_ENUM_CONVERSION = YES;
				CLANG_WARN_INFINITE_RECURSION = YES;
				CLANG_WARN_INT_CONVERSION = YES;
				CLANG_WARN_NON_LITERAL_NULL_CONVERSION = YES;
				CLANG_WARN_OBJC_IMPLICIT_RETAIN_SELF = YES;
				CLANG_WARN_OBJC_LITERAL_CONVERSION = YES;
				CLANG_WARN_OBJC_ROOT_CLASS = YES_ERROR;
				CLANG_WARN_QUOTED_INCLUDE_IN_FRAMEWORK_HEADER = YES;
				CLANG_WARN_RANGE_LOOP_ANALYSIS = YES;
				CLANG_WARN_STRICT_PROTOTYPES = YES;
				CLANG_WARN_SUSPICIOUS_MOVE = YES;
				CLANG_WARN_UNGUARDED_AVAILABILITY = YES_AGGRESSIVE;
				CLANG_WARN_UNREACHABLE_CODE = YES;
				CLANG_WARN__DUPLICATE_METHOD_MATCH = YES;
				COPY_PHASE_STRIP = NO;
				DEBUG_INFORMATION_FORMAT = dwarf;
				ENABLE_STRICT_OBJC_MSGSEND = YES;
				ENABLE_TESTABILITY = YES;
				GCC_C_LANGUAGE_STANDARD = gnu11;
				GCC_DYNAMIC_NO_PIC = NO;
				GCC_NO_COMMON_BLOCKS = YES;
				GCC_OPTIMIZATION_LEVEL = 0;
				GCC_PREPROCESSOR_DEFINITIONS = (
					"DEBUG=1",
					"$(inherited)",
				);
				GCC_WARN_64_TO_32_BIT_CONVERSION = YES;
				GCC_WARN_ABOUT_RETURN_TYPE = YES_ERROR;
				GCC_WARN_UNDECLARED_SELECTOR = YES;
				GCC_WARN_UNINITIALIZED_AUTOS = YES_AGGRESSIVE;
				GCC_WARN_UNUSED_FUNCTION = YES;
				GCC_WARN_UNUSED_VARIABLE = YES;
				MTL_ENABLE_DEBUG_INFO = INCLUDE_SOURCE;
				MTL_FAST_MATH = YES;
				ONLY_ACTIVE_ARCH = YES;
				SWIFT_ACTIVE_COMPILATION_CONDITIONS = DEBUG;
				SWIFT_OPTIMIZATION_LEVEL = "-Onone";
			};
			name = Debug;
		};
		425FCAC4288F995200F3C650 /* Release */ = {
			isa = XCBuildConfiguration;
			buildSettings = {
				ALWAYS_SEARCH_USER_PATHS = NO;
				CLANG_ANALYZER_NONNULL = YES;
				CLANG_ANALYZER_NUMBER_OBJECT_CONVERSION = YES_AGGRESSIVE;
				CLANG_CXX_LANGUAGE_STANDARD = "gnu++20";
				CLANG_ENABLE_MODULES = YES;
				CLANG_ENABLE_OBJC_ARC = YES;
				CLANG_ENABLE_OBJC_WEAK = YES;
				CLANG_WARN_BLOCK_CAPTURE_AUTORELEASING = YES;
				CLANG_WARN_BOOL_CONVERSION = YES;
				CLANG_WARN_COMMA = YES;
				CLANG_WARN_CONSTANT_CONVERSION = YES;
				CLANG_WARN_DEPRECATED_OBJC_IMPLEMENTATIONS = YES;
				CLANG_WARN_DIRECT_OBJC_ISA_USAGE = YES_ERROR;
				CLANG_WARN_DOCUMENTATION_COMMENTS = YES;
				CLANG_WARN_EMPTY_BODY = YES;
				CLANG_WARN_ENUM_CONVERSION = YES;
				CLANG_WARN_INFINITE_RECURSION = YES;
				CLANG_WARN_INT_CONVERSION = YES;
				CLANG_WARN_NON_LITERAL_NULL_CONVERSION = YES;
				CLANG_WARN_OBJC_IMPLICIT_RETAIN_SELF = YES;
				CLANG_WARN_OBJC_LITERAL_CONVERSION = YES;
				CLANG_WARN_OBJC_ROOT_CLASS = YES_ERROR;
				CLANG_WARN_QUOTED_INCLUDE_IN_FRAMEWORK_HEADER = YES;
				CLANG_WARN_RANGE_LOOP_ANALYSIS = YES;
				CLANG_WARN_STRICT_PROTOTYPES = YES;
				CLANG_WARN_SUSPICIOUS_MOVE = YES;
				CLANG_WARN_UNGUARDED_AVAILABILITY = YES_AGGRESSIVE;
				CLANG_WARN_UNREACHABLE_CODE = YES;
				CLANG_WARN__DUPLICATE_METHOD_MATCH = YES;
				COPY_PHASE_STRIP = NO;
				DEBUG_INFORMATION_FORMAT = "dwarf-with-dsym";
				ENABLE_NS_ASSERTIONS = NO;
				ENABLE_STRICT_OBJC_MSGSEND = YES;
				GCC_C_LANGUAGE_STANDARD = gnu11;
				GCC_NO_COMMON_BLOCKS = YES;
				GCC_WARN_64_TO_32_BIT_CONVERSION = YES;
				GCC_WARN_ABOUT_RETURN_TYPE = YES_ERROR;
				GCC_WARN_UNDECLARED_SELECTOR = YES;
				GCC_WARN_UNINITIALIZED_AUTOS = YES_AGGRESSIVE;
				GCC_WARN_UNUSED_FUNCTION = YES;
				GCC_WARN_UNUSED_VARIABLE = YES;
				MTL_ENABLE_DEBUG_INFO = NO;
				MTL_FAST_MATH = YES;
				SWIFT_COMPILATION_MODE = wholemodule;
				SWIFT_OPTIMIZATION_LEVEL = "-O";
			};
			name = Release;
		};
		425FCAC6288F995200F3C650 /* Debug */ = {
			isa = XCBuildConfiguration;
			buildSettings = {
				ASSETCATALOG_COMPILER_APPICON_NAME = AppIcon;
				ASSETCATALOG_COMPILER_GLOBAL_ACCENT_COLOR_NAME = AccentColor;
				CODE_SIGN_ENTITLEMENTS = Shmail/Shmail.entitlements;
				CODE_SIGN_STYLE = Automatic;
				CURRENT_PROJECT_VERSION = 1;
				DEVELOPMENT_ASSET_PATHS = "\"Shmail/Preview Content\"";
				DEVELOPMENT_TEAM = B5X79BTDXU;
				ENABLE_HARDENED_RUNTIME = YES;
				ENABLE_PREVIEWS = YES;
				GENERATE_INFOPLIST_FILE = YES;
				"INFOPLIST_KEY_UIApplicationSceneManifest_Generation[sdk=iphoneos*]" = YES;
				"INFOPLIST_KEY_UIApplicationSceneManifest_Generation[sdk=iphonesimulator*]" = YES;
				"INFOPLIST_KEY_UIApplicationSupportsIndirectInputEvents[sdk=iphoneos*]" = YES;
				"INFOPLIST_KEY_UIApplicationSupportsIndirectInputEvents[sdk=iphonesimulator*]" = YES;
				"INFOPLIST_KEY_UILaunchScreen_Generation[sdk=iphoneos*]" = YES;
				"INFOPLIST_KEY_UILaunchScreen_Generation[sdk=iphonesimulator*]" = YES;
				INFOPLIST_KEY_UISupportedInterfaceOrientations_iPad = "UIInterfaceOrientationPortrait UIInterfaceOrientationPortraitUpsideDown UIInterfaceOrientationLandscapeLeft UIInterfaceOrientationLandscapeRight";
				INFOPLIST_KEY_UISupportedInterfaceOrientations_iPhone = "UIInterfaceOrientationPortrait UIInterfaceOrientationLandscapeLeft UIInterfaceOrientationLandscapeRight";
				IPHONEOS_DEPLOYMENT_TARGET = 16.0;
				LD_RUNPATH_SEARCH_PATHS = "@executable_path/Frameworks";
				"LD_RUNPATH_SEARCH_PATHS[sdk=macosx*]" = "@executable_path/../Frameworks";
				MACOSX_DEPLOYMENT_TARGET = 12.4;
				MARKETING_VERSION = 1.0;
				PRODUCT_BUNDLE_IDENTIFIER = SamiulHoque.Shmail;
				PRODUCT_NAME = "$(TARGET_NAME)";
				SDKROOT = auto;
				SUPPORTED_PLATFORMS = "iphoneos iphonesimulator macosx";
				SWIFT_EMIT_LOC_STRINGS = YES;
				SWIFT_VERSION = 5.0;
				TARGETED_DEVICE_FAMILY = "1,2";
			};
			name = Debug;
		};
		425FCAC7288F995200F3C650 /* Release */ = {
			isa = XCBuildConfiguration;
			buildSettings = {
				ASSETCATALOG_COMPILER_APPICON_NAME = AppIcon;
				ASSETCATALOG_COMPILER_GLOBAL_ACCENT_COLOR_NAME = AccentColor;
				CODE_SIGN_ENTITLEMENTS = Shmail/Shmail.entitlements;
				CODE_SIGN_STYLE = Automatic;
				CURRENT_PROJECT_VERSION = 1;
				DEVELOPMENT_ASSET_PATHS = "\"Shmail/Preview Content\"";
				DEVELOPMENT_TEAM = B5X79BTDXU;
				ENABLE_HARDENED_RUNTIME = YES;
				ENABLE_PREVIEWS = YES;
				GENERATE_INFOPLIST_FILE = YES;
				"INFOPLIST_KEY_UIApplicationSceneManifest_Generation[sdk=iphoneos*]" = YES;
				"INFOPLIST_KEY_UIApplicationSceneManifest_Generation[sdk=iphonesimulator*]" = YES;
				"INFOPLIST_KEY_UIApplicationSupportsIndirectInputEvents[sdk=iphoneos*]" = YES;
				"INFOPLIST_KEY_UIApplicationSupportsIndirectInputEvents[sdk=iphonesimulator*]" = YES;
				"INFOPLIST_KEY_UILaunchScreen_Generation[sdk=iphoneos*]" = YES;
				"INFOPLIST_KEY_UILaunchScreen_Generation[sdk=iphonesimulator*]" = YES;
				INFOPLIST_KEY_UISupportedInterfaceOrientations_iPad = "UIInterfaceOrientationPortrait UIInterfaceOrientationPortraitUpsideDown UIInterfaceOrientationLandscapeLeft UIInterfaceOrientationLandscapeRight";
				INFOPLIST_KEY_UISupportedInterfaceOrientations_iPhone = "UIInterfaceOrientationPortrait UIInterfaceOrientationLandscapeLeft UIInterfaceOrientationLandscapeRight";
				IPHONEOS_DEPLOYMENT_TARGET = 16.0;
				LD_RUNPATH_SEARCH_PATHS = "@executable_path/Frameworks";
				"LD_RUNPATH_SEARCH_PATHS[sdk=macosx*]" = "@executable_path/../Frameworks";
				MACOSX_DEPLOYMENT_TARGET = 12.4;
				MARKETING_VERSION = 1.0;
				PRODUCT_BUNDLE_IDENTIFIER = SamiulHoque.Shmail;
				PRODUCT_NAME = "$(TARGET_NAME)";
				SDKROOT = auto;
				SUPPORTED_PLATFORMS = "iphoneos iphonesimulator macosx";
				SWIFT_EMIT_LOC_STRINGS = YES;
				SWIFT_VERSION = 5.0;
				TARGETED_DEVICE_FAMILY = "1,2";
			};
			name = Release;
		};
		425FCAC9288F995200F3C650 /* Debug */ = {
			isa = XCBuildConfiguration;
			buildSettings = {
				ALWAYS_EMBED_SWIFT_STANDARD_LIBRARIES = YES;
				BUNDLE_LOADER = "$(TEST_HOST)";
				CODE_SIGN_STYLE = Automatic;
				CURRENT_PROJECT_VERSION = 1;
				DEVELOPMENT_TEAM = B5X79BTDXU;
				GENERATE_INFOPLIST_FILE = YES;
				IPHONEOS_DEPLOYMENT_TARGET = 16.0;
				MACOSX_DEPLOYMENT_TARGET = 12.4;
				MARKETING_VERSION = 1.0;
				PRODUCT_BUNDLE_IDENTIFIER = SamiulHoque.ShmailTests;
				PRODUCT_NAME = "$(TARGET_NAME)";
				SDKROOT = auto;
				SUPPORTED_PLATFORMS = "iphoneos iphonesimulator macosx";
				SWIFT_EMIT_LOC_STRINGS = NO;
				SWIFT_VERSION = 5.0;
				TARGETED_DEVICE_FAMILY = "1,2";
				TEST_HOST = "$(BUILT_PRODUCTS_DIR)/Shmail.app/$(BUNDLE_EXECUTABLE_FOLDER_PATH)/Shmail";
			};
			name = Debug;
		};
		425FCACA288F995200F3C650 /* Release */ = {
			isa = XCBuildConfiguration;
			buildSettings = {
				ALWAYS_EMBED_SWIFT_STANDARD_LIBRARIES = YES;
				BUNDLE_LOADER = "$(TEST_HOST)";
				CODE_SIGN_STYLE = Automatic;
				CURRENT_PROJECT_VERSION = 1;
				DEVELOPMENT_TEAM = B5X79BTDXU;
				GENERATE_INFOPLIST_FILE = YES;
				IPHONEOS_DEPLOYMENT_TARGET = 16.0;
				MACOSX_DEPLOYMENT_TARGET = 12.4;
				MARKETING_VERSION = 1.0;
				PRODUCT_BUNDLE_IDENTIFIER = SamiulHoque.ShmailTests;
				PRODUCT_NAME = "$(TARGET_NAME)";
				SDKROOT = auto;
				SUPPORTED_PLATFORMS = "iphoneos iphonesimulator macosx";
				SWIFT_EMIT_LOC_STRINGS = NO;
				SWIFT_VERSION = 5.0;
				TARGETED_DEVICE_FAMILY = "1,2";
				TEST_HOST = "$(BUILT_PRODUCTS_DIR)/Shmail.app/$(BUNDLE_EXECUTABLE_FOLDER_PATH)/Shmail";
			};
			name = Release;
		};
		425FCACC288F995200F3C650 /* Debug */ = {
			isa = XCBuildConfiguration;
			buildSettings = {
				ALWAYS_EMBED_SWIFT_STANDARD_LIBRARIES = YES;
				CODE_SIGN_STYLE = Automatic;
				CURRENT_PROJECT_VERSION = 1;
				DEVELOPMENT_TEAM = B5X79BTDXU;
				GENERATE_INFOPLIST_FILE = YES;
				IPHONEOS_DEPLOYMENT_TARGET = 16.0;
				MACOSX_DEPLOYMENT_TARGET = 12.4;
				MARKETING_VERSION = 1.0;
				PRODUCT_BUNDLE_IDENTIFIER = SamiulHoque.ShmailUITests;
				PRODUCT_NAME = "$(TARGET_NAME)";
				SDKROOT = auto;
				SUPPORTED_PLATFORMS = "iphoneos iphonesimulator macosx";
				SWIFT_EMIT_LOC_STRINGS = NO;
				SWIFT_VERSION = 5.0;
				TARGETED_DEVICE_FAMILY = "1,2";
				TEST_TARGET_NAME = Shmail;
			};
			name = Debug;
		};
		425FCACD288F995200F3C650 /* Release */ = {
			isa = XCBuildConfiguration;
			buildSettings = {
				ALWAYS_EMBED_SWIFT_STANDARD_LIBRARIES = YES;
				CODE_SIGN_STYLE = Automatic;
				CURRENT_PROJECT_VERSION = 1;
				DEVELOPMENT_TEAM = B5X79BTDXU;
				GENERATE_INFOPLIST_FILE = YES;
				IPHONEOS_DEPLOYMENT_TARGET = 16.0;
				MACOSX_DEPLOYMENT_TARGET = 12.4;
				MARKETING_VERSION = 1.0;
				PRODUCT_BUNDLE_IDENTIFIER = SamiulHoque.ShmailUITests;
				PRODUCT_NAME = "$(TARGET_NAME)";
				SDKROOT = auto;
				SUPPORTED_PLATFORMS = "iphoneos iphonesimulator macosx";
				SWIFT_EMIT_LOC_STRINGS = NO;
				SWIFT_VERSION = 5.0;
				TARGETED_DEVICE_FAMILY = "1,2";
				TEST_TARGET_NAME = Shmail;
			};
			name = Release;
		};
/* End XCBuildConfiguration section */

/* Begin XCConfigurationList section */
		425FCA9B288F995100F3C650 /* Build configuration list for PBXProject "Shmail" */ = {
			isa = XCConfigurationList;
			buildConfigurations = (
				425FCAC3288F995200F3C650 /* Debug */,
				425FCAC4288F995200F3C650 /* Release */,
			);
			defaultConfigurationIsVisible = 0;
			defaultConfigurationName = Release;
		};
		425FCAC5288F995200F3C650 /* Build configuration list for PBXNativeTarget "Shmail" */ = {
			isa = XCConfigurationList;
			buildConfigurations = (
				425FCAC6288F995200F3C650 /* Debug */,
				425FCAC7288F995200F3C650 /* Release */,
			);
			defaultConfigurationIsVisible = 0;
			defaultConfigurationName = Release;
		};
		425FCAC8288F995200F3C650 /* Build configuration list for PBXNativeTarget "ShmailTests" */ = {
			isa = XCConfigurationList;
			buildConfigurations = (
				425FCAC9288F995200F3C650 /* Debug */,
				425FCACA288F995200F3C650 /* Release */,
			);
			defaultConfigurationIsVisible = 0;
			defaultConfigurationName = Release;
		};
		425FCACB288F995200F3C650 /* Build configuration list for PBXNativeTarget "ShmailUITests" */ = {
			isa = XCConfigurationList;
			buildConfigurations = (
				425FCACC288F995200F3C650 /* Debug */,
				425FCACD288F995200F3C650 /* Release */,
			);
			defaultConfigurationIsVisible = 0;
			defaultConfigurationName = Release;
		};
/* End XCConfigurationList section */
	};
	rootObject = 425FCA98288F995100F3C650 /* Project object */;
}
